
Microsoft Visual Studio Solution File, Format Version 12.00
# Visual Studio Version 17
VisualStudioVersion = 17.2.32602.215
MinimumVisualStudioVersion = 10.0.40219.1
Project("{FAE04EC0-301F-11D3-BF4B-00C04F79EFBC}") = "Individual_Project_Part_B", "Individual_Project_Part_B\Individual_Project_Part_B.csproj", "{3F58BAFD-1CD1-484C-A4A5-3F74A2100395}"
EndProject
Global
	GlobalSection(SolutionConfigurationPlatforms) = preSolution
		Debug|Any CPU = Debug|Any CPU
		Release|Any CPU = Release|Any CPU
	EndGlobalSection
	GlobalSection(ProjectConfigurationPlatforms) = postSolution
		{3F58BAFD-1CD1-484C-A4A5-3F74A2100395}.Debug|Any CPU.ActiveCfg = Debug|Any CPU
		{3F58BAFD-1CD1-484C-A4A5-3F74A2100395}.Debug|Any CPU.Build.0 = Debug|Any CPU
		{3F58BAFD-1CD1-484C-A4A5-3F74A2100395}.Release|Any CPU.ActiveCfg = Release|Any CPU
		{3F58BAFD-1CD1-484C-A4A5-3F74A2100395}.Release|Any CPU.Build.0 = Release|Any CPU
	EndGlobalSection
	GlobalSection(SolutionProperties) = preSolution
		HideSolutionNode = FALSE
	EndGlobalSection
	GlobalSection(ExtensibilityGlobals) = postSolution
		SolutionGuid = {F152D3BC-9E3F-4FDA-AB6D-D4D971A5B655}
	EndGlobalSection
EndGlobal
